// !$*UTF8*$!
{
	archiveVersion = 1;
	classes = {
	};
	objectVersion = 50;
	objects = {

/* Begin PBXBuildFile section */
		518FE6B7232CC6D600030B49 /* AppDelegate.swift in Sources */ = {isa = PBXBuildFile; fileRef = 518FE6B6232CC6D600030B49 /* AppDelegate.swift */; };
		518FE6B9232CC6D600030B49 /* ContactListViewController.swift in Sources */ = {isa = PBXBuildFile; fileRef = 518FE6B8232CC6D600030B49 /* ContactListViewController.swift */; };
		518FE6BC232CC6D600030B49 /* Main.storyboard in Resources */ = {isa = PBXBuildFile; fileRef = 518FE6BA232CC6D600030B49 /* Main.storyboard */; };
		518FE6BE232CC6DC00030B49 /* Assets.xcassets in Resources */ = {isa = PBXBuildFile; fileRef = 518FE6BD232CC6DC00030B49 /* Assets.xcassets */; };
		518FE6C1232CC6DC00030B49 /* LaunchScreen.storyboard in Resources */ = {isa = PBXBuildFile; fileRef = 518FE6BF232CC6DC00030B49 /* LaunchScreen.storyboard */; };
		518FE6CE232CC84C00030B49 /* ContactTableViewCell.swift in Sources */ = {isa = PBXBuildFile; fileRef = 518FE6CD232CC84C00030B49 /* ContactTableViewCell.swift */; };
		518FE6D0232CCD7E00030B49 /* AddNewContactViewController.swift in Sources */ = {isa = PBXBuildFile; fileRef = 518FE6CF232CCD7E00030B49 /* AddNewContactViewController.swift */; };
		518FE6D3232CD4CE00030B49 /* WidgetGenerator.swift in Sources */ = {isa = PBXBuildFile; fileRef = 518FE6D2232CD4CE00030B49 /* WidgetGenerator.swift */; };
		518FE6D5232CD99200030B49 /* ContactDetailsViewController.swift in Sources */ = {isa = PBXBuildFile; fileRef = 518FE6D4232CD99100030B49 /* ContactDetailsViewController.swift */; };
		518FE6D9232D08DC00030B49 /* ContactVO.swift in Sources */ = {isa = PBXBuildFile; fileRef = 518FE6D8232D08DC00030B49 /* ContactVO.swift */; };
		518FE6DB232D093B00030B49 /* PhoneNumberVO.swift in Sources */ = {isa = PBXBuildFile; fileRef = 518FE6DA232D093B00030B49 /* PhoneNumberVO.swift */; };
		518FE6DD232D095400030B49 /* AddressVO.swift in Sources */ = {isa = PBXBuildFile; fileRef = 518FE6DC232D095400030B49 /* AddressVO.swift */; };
		518FE6DF232D096A00030B49 /* EmailVO.swift in Sources */ = {isa = PBXBuildFile; fileRef = 518FE6DE232D096A00030B49 /* EmailVO.swift */; };
		518FE6E1232D0ECF00030B49 /* Repository.swift in Sources */ = {isa = PBXBuildFile; fileRef = 518FE6E0232D0ECF00030B49 /* Repository.swift */; };
		51F6D633238A14CF00ABF694 /* contact_core_dateTests.swift in Sources */ = {isa = PBXBuildFile; fileRef = 51F6D632238A14CF00ABF694 /* contact_core_dateTests.swift */; };
		51F6D63B238A158600ABF694 /* VOTest.swift in Sources */ = {isa = PBXBuildFile; fileRef = 51F6D63A238A158600ABF694 /* VOTest.swift */; };
		51F6D63D238A2BF900ABF694 /* ViewControllerTest.swift in Sources */ = {isa = PBXBuildFile; fileRef = 51F6D63C238A2BF900ABF694 /* ViewControllerTest.swift */; };
		51F6D645238A2E0B00ABF694 /* contact_core_dateUITests.swift in Sources */ = {isa = PBXBuildFile; fileRef = 51F6D644238A2E0B00ABF694 /* contact_core_dateUITests.swift */; };
		51F6D64D238A333300ABF694 /* VOUtils.swift in Sources */ = {isa = PBXBuildFile; fileRef = 51F6D64C238A333300ABF694 /* VOUtils.swift */; };
		51F6D655238A368700ABF694 /* addContact.swift in Sources */ = {isa = PBXBuildFile; fileRef = 51F6D654238A368700ABF694 /* addContact.swift */; };
		959ED6EFB86FB21015333D87 /* Pods_contact_core_date.framework in Frameworks */ = {isa = PBXBuildFile; fileRef = 303057851689770FA8FC72AC /* Pods_contact_core_date.framework */; };
		9DC865FAC1613C480C5CE6E1 /* Pods_contact_core_dateTests.framework in Frameworks */ = {isa = PBXBuildFile; fileRef = E8E593DFA3C947F74A42DC91 /* Pods_contact_core_dateTests.framework */; };
		FFB9BD0A09F18232C4519DF2 /* Pods_contact_core_dateUITests.framework in Frameworks */ = {isa = PBXBuildFile; fileRef = C8BB55F4755CDA9E5FF453EB /* Pods_contact_core_dateUITests.framework */; };
/* End PBXBuildFile section */

/* Begin PBXContainerItemProxy section */
		51F6D635238A14CF00ABF694 /* PBXContainerItemProxy */ = {
			isa = PBXContainerItemProxy;
			containerPortal = 518FE6AB232CC6D600030B49 /* Project object */;
			proxyType = 1;
			remoteGlobalIDString = 518FE6B2232CC6D600030B49;
			remoteInfo = "contact-core-date";
		};
		51F6D647238A2E0B00ABF694 /* PBXContainerItemProxy */ = {
			isa = PBXContainerItemProxy;
			containerPortal = 518FE6AB232CC6D600030B49 /* Project object */;
			proxyType = 1;
			remoteGlobalIDString = 518FE6B2232CC6D600030B49;
			remoteInfo = "contact-core-date";
		};
/* End PBXContainerItemProxy section */

/* Begin PBXFileReference section */
		263F5BB4A2E8F252AD874A1C /* Pods-contact-core-date.release.xcconfig */ = {isa = PBXFileReference; includeInIndex = 1; lastKnownFileType = text.xcconfig; name = "Pods-contact-core-date.release.xcconfig"; path = "Target Support Files/Pods-contact-core-date/Pods-contact-core-date.release.xcconfig"; sourceTree = "<group>"; };
		303057851689770FA8FC72AC /* Pods_contact_core_date.framework */ = {isa = PBXFileReference; explicitFileType = wrapper.framework; includeInIndex = 0; path = Pods_contact_core_date.framework; sourceTree = BUILT_PRODUCTS_DIR; };
		34CF4117EA726736DAF539FF /* Pods-contact-core-dateTests.debug.xcconfig */ = {isa = PBXFileReference; includeInIndex = 1; lastKnownFileType = text.xcconfig; name = "Pods-contact-core-dateTests.debug.xcconfig"; path = "Target Support Files/Pods-contact-core-dateTests/Pods-contact-core-dateTests.debug.xcconfig"; sourceTree = "<group>"; };
		35303D5A0A79132FDF0C20C6 /* Pods-contact-core-dateUITests.release.xcconfig */ = {isa = PBXFileReference; includeInIndex = 1; lastKnownFileType = text.xcconfig; name = "Pods-contact-core-dateUITests.release.xcconfig"; path = "Target Support Files/Pods-contact-core-dateUITests/Pods-contact-core-dateUITests.release.xcconfig"; sourceTree = "<group>"; };
		518FE6B3232CC6D600030B49 /* contact-core-date.app */ = {isa = PBXFileReference; explicitFileType = wrapper.application; includeInIndex = 0; path = "contact-core-date.app"; sourceTree = BUILT_PRODUCTS_DIR; };
		518FE6B6232CC6D600030B49 /* AppDelegate.swift */ = {isa = PBXFileReference; lastKnownFileType = sourcecode.swift; path = AppDelegate.swift; sourceTree = "<group>"; };
		518FE6B8232CC6D600030B49 /* ContactListViewController.swift */ = {isa = PBXFileReference; lastKnownFileType = sourcecode.swift; path = ContactListViewController.swift; sourceTree = "<group>"; };
		518FE6BB232CC6D600030B49 /* Base */ = {isa = PBXFileReference; lastKnownFileType = file.storyboard; name = Base; path = Base.lproj/Main.storyboard; sourceTree = "<group>"; };
		518FE6BD232CC6DC00030B49 /* Assets.xcassets */ = {isa = PBXFileReference; lastKnownFileType = folder.assetcatalog; path = Assets.xcassets; sourceTree = "<group>"; };
		518FE6C0232CC6DC00030B49 /* Base */ = {isa = PBXFileReference; lastKnownFileType = file.storyboard; name = Base; path = Base.lproj/LaunchScreen.storyboard; sourceTree = "<group>"; };
		518FE6C2232CC6DC00030B49 /* Info.plist */ = {isa = PBXFileReference; lastKnownFileType = text.plist.xml; path = Info.plist; sourceTree = "<group>"; };
		518FE6CD232CC84C00030B49 /* ContactTableViewCell.swift */ = {isa = PBXFileReference; lastKnownFileType = sourcecode.swift; path = ContactTableViewCell.swift; sourceTree = "<group>"; };
		518FE6CF232CCD7E00030B49 /* AddNewContactViewController.swift */ = {isa = PBXFileReference; lastKnownFileType = sourcecode.swift; path = AddNewContactViewController.swift; sourceTree = "<group>"; };
		518FE6D2232CD4CE00030B49 /* WidgetGenerator.swift */ = {isa = PBXFileReference; lastKnownFileType = sourcecode.swift; path = WidgetGenerator.swift; sourceTree = "<group>"; };
		518FE6D4232CD99100030B49 /* ContactDetailsViewController.swift */ = {isa = PBXFileReference; lastKnownFileType = sourcecode.swift; path = ContactDetailsViewController.swift; sourceTree = "<group>"; };
		518FE6D8232D08DC00030B49 /* ContactVO.swift */ = {isa = PBXFileReference; lastKnownFileType = sourcecode.swift; path = ContactVO.swift; sourceTree = "<group>"; };
		518FE6DA232D093B00030B49 /* PhoneNumberVO.swift */ = {isa = PBXFileReference; lastKnownFileType = sourcecode.swift; path = PhoneNumberVO.swift; sourceTree = "<group>"; };
		518FE6DC232D095400030B49 /* AddressVO.swift */ = {isa = PBXFileReference; lastKnownFileType = sourcecode.swift; path = AddressVO.swift; sourceTree = "<group>"; };
		518FE6DE232D096A00030B49 /* EmailVO.swift */ = {isa = PBXFileReference; lastKnownFileType = sourcecode.swift; path = EmailVO.swift; sourceTree = "<group>"; };
		518FE6E0232D0ECF00030B49 /* Repository.swift */ = {isa = PBXFileReference; lastKnownFileType = sourcecode.swift; path = Repository.swift; sourceTree = "<group>"; };
		51F6D630238A14CF00ABF694 /* contact-core-dateTests.xctest */ = {isa = PBXFileReference; explicitFileType = wrapper.cfbundle; includeInIndex = 0; path = "contact-core-dateTests.xctest"; sourceTree = BUILT_PRODUCTS_DIR; };
		51F6D632238A14CF00ABF694 /* contact_core_dateTests.swift */ = {isa = PBXFileReference; lastKnownFileType = sourcecode.swift; path = contact_core_dateTests.swift; sourceTree = "<group>"; };
		51F6D634238A14CF00ABF694 /* Info.plist */ = {isa = PBXFileReference; lastKnownFileType = text.plist.xml; path = Info.plist; sourceTree = "<group>"; };
		51F6D63A238A158600ABF694 /* VOTest.swift */ = {isa = PBXFileReference; lastKnownFileType = sourcecode.swift; path = VOTest.swift; sourceTree = "<group>"; };
		51F6D63C238A2BF900ABF694 /* ViewControllerTest.swift */ = {isa = PBXFileReference; lastKnownFileType = sourcecode.swift; path = ViewControllerTest.swift; sourceTree = "<group>"; };
		51F6D642238A2E0B00ABF694 /* contact-core-dateUITests.xctest */ = {isa = PBXFileReference; explicitFileType = wrapper.cfbundle; includeInIndex = 0; path = "contact-core-dateUITests.xctest"; sourceTree = BUILT_PRODUCTS_DIR; };
		51F6D644238A2E0B00ABF694 /* contact_core_dateUITests.swift */ = {isa = PBXFileReference; lastKnownFileType = sourcecode.swift; path = contact_core_dateUITests.swift; sourceTree = "<group>"; };
		51F6D646238A2E0B00ABF694 /* Info.plist */ = {isa = PBXFileReference; lastKnownFileType = text.plist.xml; path = Info.plist; sourceTree = "<group>"; };
		51F6D64C238A333300ABF694 /* VOUtils.swift */ = {isa = PBXFileReference; lastKnownFileType = sourcecode.swift; path = VOUtils.swift; sourceTree = "<group>"; };
		51F6D654238A368700ABF694 /* addContact.swift */ = {isa = PBXFileReference; lastKnownFileType = sourcecode.swift; path = addContact.swift; sourceTree = "<group>"; };
		8CB7DE93379E07624691FE8B /* Pods-contact-core-dateTests.release.xcconfig */ = {isa = PBXFileReference; includeInIndex = 1; lastKnownFileType = text.xcconfig; name = "Pods-contact-core-dateTests.release.xcconfig"; path = "Target Support Files/Pods-contact-core-dateTests/Pods-contact-core-dateTests.release.xcconfig"; sourceTree = "<group>"; };
		9C0B3D1645821FB61E9B1594 /* Pods-contact-core-dateUITests.debug.xcconfig */ = {isa = PBXFileReference; includeInIndex = 1; lastKnownFileType = text.xcconfig; name = "Pods-contact-core-dateUITests.debug.xcconfig"; path = "Target Support Files/Pods-contact-core-dateUITests/Pods-contact-core-dateUITests.debug.xcconfig"; sourceTree = "<group>"; };
		C8BB55F4755CDA9E5FF453EB /* Pods_contact_core_dateUITests.framework */ = {isa = PBXFileReference; explicitFileType = wrapper.framework; includeInIndex = 0; path = Pods_contact_core_dateUITests.framework; sourceTree = BUILT_PRODUCTS_DIR; };
		CDC4087B70F9579E6B5C8AC7 /* Pods-contact-core-date.debug.xcconfig */ = {isa = PBXFileReference; includeInIndex = 1; lastKnownFileType = text.xcconfig; name = "Pods-contact-core-date.debug.xcconfig"; path = "Target Support Files/Pods-contact-core-date/Pods-contact-core-date.debug.xcconfig"; sourceTree = "<group>"; };
		E8E593DFA3C947F74A42DC91 /* Pods_contact_core_dateTests.framework */ = {isa = PBXFileReference; explicitFileType = wrapper.framework; includeInIndex = 0; path = Pods_contact_core_dateTests.framework; sourceTree = BUILT_PRODUCTS_DIR; };
/* End PBXFileReference section */

/* Begin PBXFrameworksBuildPhase section */
		518FE6B0232CC6D600030B49 /* Frameworks */ = {
			isa = PBXFrameworksBuildPhase;
			buildActionMask = 2147483647;
			files = (
				959ED6EFB86FB21015333D87 /* Pods_contact_core_date.framework in Frameworks */,
			);
			runOnlyForDeploymentPostprocessing = 0;
		};
		51F6D62D238A14CF00ABF694 /* Frameworks */ = {
			isa = PBXFrameworksBuildPhase;
			buildActionMask = 2147483647;
			files = (
				9DC865FAC1613C480C5CE6E1 /* Pods_contact_core_dateTests.framework in Frameworks */,
			);
			runOnlyForDeploymentPostprocessing = 0;
		};
		51F6D63F238A2E0B00ABF694 /* Frameworks */ = {
			isa = PBXFrameworksBuildPhase;
			buildActionMask = 2147483647;
			files = (
				FFB9BD0A09F18232C4519DF2 /* Pods_contact_core_dateUITests.framework in Frameworks */,
			);
			runOnlyForDeploymentPostprocessing = 0;
		};
/* End PBXFrameworksBuildPhase section */

/* Begin PBXGroup section */
		518FE6AA232CC6D600030B49 = {
			isa = PBXGroup;
			children = (
				518FE6B5232CC6D600030B49 /* contact-core-date */,
				51F6D631238A14CF00ABF694 /* contact-core-dateTests */,
				51F6D643238A2E0B00ABF694 /* contact-core-dateUITests */,
				518FE6B4232CC6D600030B49 /* Products */,
				B4DD0CB740CC889EDCB7B228 /* Pods */,
				80DBFF34F06BE81D08361D1E /* Frameworks */,
			);
			sourceTree = "<group>";
		};
		518FE6B4232CC6D600030B49 /* Products */ = {
			isa = PBXGroup;
			children = (
				518FE6B3232CC6D600030B49 /* contact-core-date.app */,
				51F6D630238A14CF00ABF694 /* contact-core-dateTests.xctest */,
				51F6D642238A2E0B00ABF694 /* contact-core-dateUITests.xctest */,
			);
			name = Products;
			sourceTree = "<group>";
		};
		518FE6B5232CC6D600030B49 /* contact-core-date */ = {
			isa = PBXGroup;
			children = (
				51F6D65C238A49F900ABF694 /* viewmodel */,
				518FE6D6232D08C600030B49 /* models */,
				518FE6D1232CD4BB00030B49 /* utils */,
				518FE6CB232CC81D00030B49 /* res */,
				518FE6CA232CC80800030B49 /* storyboards */,
				518FE6C9232CC80100030B49 /* viewcontrollers */,
				518FE6C8232CC7FB00030B49 /* cells */,
				518FE6B6232CC6D600030B49 /* AppDelegate.swift */,
				518FE6C2232CC6DC00030B49 /* Info.plist */,
			);
			path = "contact-core-date";
			sourceTree = "<group>";
		};
		518FE6C8232CC7FB00030B49 /* cells */ = {
			isa = PBXGroup;
			children = (
				518FE6CD232CC84C00030B49 /* ContactTableViewCell.swift */,
			);
			path = cells;
			sourceTree = "<group>";
		};
		518FE6C9232CC80100030B49 /* viewcontrollers */ = {
			isa = PBXGroup;
			children = (
				518FE6B8232CC6D600030B49 /* ContactListViewController.swift */,
				518FE6CF232CCD7E00030B49 /* AddNewContactViewController.swift */,
				518FE6D4232CD99100030B49 /* ContactDetailsViewController.swift */,
			);
			path = viewcontrollers;
			sourceTree = "<group>";
		};
		518FE6CA232CC80800030B49 /* storyboards */ = {
			isa = PBXGroup;
			children = (
				518FE6BA232CC6D600030B49 /* Main.storyboard */,
				518FE6BF232CC6DC00030B49 /* LaunchScreen.storyboard */,
			);
			path = storyboards;
			sourceTree = "<group>";
		};
		518FE6CB232CC81D00030B49 /* res */ = {
			isa = PBXGroup;
			children = (
				518FE6BD232CC6DC00030B49 /* Assets.xcassets */,
			);
			path = res;
			sourceTree = "<group>";
		};
		518FE6D1232CD4BB00030B49 /* utils */ = {
			isa = PBXGroup;
			children = (
				518FE6D2232CD4CE00030B49 /* WidgetGenerator.swift */,
			);
			path = utils;
			sourceTree = "<group>";
		};
		518FE6D6232D08C600030B49 /* models */ = {
			isa = PBXGroup;
			children = (
				518FE6D7232D08CC00030B49 /* vos */,
				518FE6E0232D0ECF00030B49 /* Repository.swift */,
			);
			path = models;
			sourceTree = "<group>";
		};
		518FE6D7232D08CC00030B49 /* vos */ = {
			isa = PBXGroup;
			children = (
				518FE6D8232D08DC00030B49 /* ContactVO.swift */,
				518FE6DA232D093B00030B49 /* PhoneNumberVO.swift */,
				518FE6DC232D095400030B49 /* AddressVO.swift */,
				518FE6DE232D096A00030B49 /* EmailVO.swift */,
			);
			path = vos;
			sourceTree = "<group>";
		};
		51F6D631238A14CF00ABF694 /* contact-core-dateTests */ = {
			isa = PBXGroup;
			children = (
				51F6D632238A14CF00ABF694 /* contact_core_dateTests.swift */,
				51F6D634238A14CF00ABF694 /* Info.plist */,
				51F6D63A238A158600ABF694 /* VOTest.swift */,
				51F6D63C238A2BF900ABF694 /* ViewControllerTest.swift */,
				51F6D64C238A333300ABF694 /* VOUtils.swift */,
			);
			path = "contact-core-dateTests";
			sourceTree = "<group>";
		};
		51F6D643238A2E0B00ABF694 /* contact-core-dateUITests */ = {
			isa = PBXGroup;
			children = (
				51F6D644238A2E0B00ABF694 /* contact_core_dateUITests.swift */,
				51F6D646238A2E0B00ABF694 /* Info.plist */,
				51F6D654238A368700ABF694 /* addContact.swift */,
			);
			path = "contact-core-dateUITests";
			sourceTree = "<group>";
		};
		51F6D65C238A49F900ABF694 /* viewmodel */ = {
			isa = PBXGroup;
			children = (
			);
			path = viewmodel;
			sourceTree = "<group>";
		};
		80DBFF34F06BE81D08361D1E /* Frameworks */ = {
			isa = PBXGroup;
			children = (
				303057851689770FA8FC72AC /* Pods_contact_core_date.framework */,
				E8E593DFA3C947F74A42DC91 /* Pods_contact_core_dateTests.framework */,
				C8BB55F4755CDA9E5FF453EB /* Pods_contact_core_dateUITests.framework */,
			);
			name = Frameworks;
			sourceTree = "<group>";
		};
		B4DD0CB740CC889EDCB7B228 /* Pods */ = {
			isa = PBXGroup;
			children = (
				CDC4087B70F9579E6B5C8AC7 /* Pods-contact-core-date.debug.xcconfig */,
				263F5BB4A2E8F252AD874A1C /* Pods-contact-core-date.release.xcconfig */,
				34CF4117EA726736DAF539FF /* Pods-contact-core-dateTests.debug.xcconfig */,
				8CB7DE93379E07624691FE8B /* Pods-contact-core-dateTests.release.xcconfig */,
				9C0B3D1645821FB61E9B1594 /* Pods-contact-core-dateUITests.debug.xcconfig */,
				35303D5A0A79132FDF0C20C6 /* Pods-contact-core-dateUITests.release.xcconfig */,
			);
			name = Pods;
			path = Pods;
			sourceTree = "<group>";
		};
/* End PBXGroup section */

/* Begin PBXNativeTarget section */
		518FE6B2232CC6D600030B49 /* contact-core-date */ = {
			isa = PBXNativeTarget;
			buildConfigurationList = 518FE6C5232CC6DC00030B49 /* Build configuration list for PBXNativeTarget "contact-core-date" */;
			buildPhases = (
				FF7C3B60DB643A36391FA0CA /* [CP] Check Pods Manifest.lock */,
				518FE6AF232CC6D600030B49 /* Sources */,
				518FE6B0232CC6D600030B49 /* Frameworks */,
				518FE6B1232CC6D600030B49 /* Resources */,
				2BF7261F597A8ECC756FCB66 /* [CP] Embed Pods Frameworks */,
			);
			buildRules = (
			);
			dependencies = (
			);
			name = "contact-core-date";
			productName = "contact-core-date";
			productReference = 518FE6B3232CC6D600030B49 /* contact-core-date.app */;
			productType = "com.apple.product-type.application";
		};
		51F6D62F238A14CF00ABF694 /* contact-core-dateTests */ = {
			isa = PBXNativeTarget;
			buildConfigurationList = 51F6D639238A14CF00ABF694 /* Build configuration list for PBXNativeTarget "contact-core-dateTests" */;
			buildPhases = (
				89A622181443FFBE91D78D51 /* [CP] Check Pods Manifest.lock */,
				51F6D62C238A14CF00ABF694 /* Sources */,
				51F6D62D238A14CF00ABF694 /* Frameworks */,
				51F6D62E238A14CF00ABF694 /* Resources */,
			);
			buildRules = (
			);
			dependencies = (
				51F6D636238A14CF00ABF694 /* PBXTargetDependency */,
			);
			name = "contact-core-dateTests";
			productName = "contact-core-dateTests";
			productReference = 51F6D630238A14CF00ABF694 /* contact-core-dateTests.xctest */;
			productType = "com.apple.product-type.bundle.unit-test";
		};
		51F6D641238A2E0B00ABF694 /* contact-core-dateUITests */ = {
			isa = PBXNativeTarget;
			buildConfigurationList = 51F6D649238A2E0B00ABF694 /* Build configuration list for PBXNativeTarget "contact-core-dateUITests" */;
			buildPhases = (
				644EBDB8C473510FC12CCD3A /* [CP] Check Pods Manifest.lock */,
				51F6D63E238A2E0B00ABF694 /* Sources */,
				51F6D63F238A2E0B00ABF694 /* Frameworks */,
				51F6D640238A2E0B00ABF694 /* Resources */,
			);
			buildRules = (
			);
			dependencies = (
				51F6D648238A2E0B00ABF694 /* PBXTargetDependency */,
			);
			name = "contact-core-dateUITests";
			productName = "contact-core-dateUITests";
			productReference = 51F6D642238A2E0B00ABF694 /* contact-core-dateUITests.xctest */;
			productType = "com.apple.product-type.bundle.ui-testing";
		};
/* End PBXNativeTarget section */

/* Begin PBXProject section */
		518FE6AB232CC6D600030B49 /* Project object */ = {
			isa = PBXProject;
			attributes = {
				LastSwiftUpdateCheck = 1120;
				LastUpgradeCheck = 1030;
				ORGANIZATIONNAME = padc;
				TargetAttributes = {
					518FE6B2232CC6D600030B49 = {
						CreatedOnToolsVersion = 10.3;
					};
					51F6D62F238A14CF00ABF694 = {
						CreatedOnToolsVersion = 11.2.1;
						TestTargetID = 518FE6B2232CC6D600030B49;
					};
					51F6D641238A2E0B00ABF694 = {
						CreatedOnToolsVersion = 11.2.1;
						TestTargetID = 518FE6B2232CC6D600030B49;
					};
				};
			};
			buildConfigurationList = 518FE6AE232CC6D600030B49 /* Build configuration list for PBXProject "contact-core-date" */;
			compatibilityVersion = "Xcode 9.3";
			developmentRegion = en;
			hasScannedForEncodings = 0;
			knownRegions = (
				en,
				Base,
			);
			mainGroup = 518FE6AA232CC6D600030B49;
			productRefGroup = 518FE6B4232CC6D600030B49 /* Products */;
			projectDirPath = "";
			projectRoot = "";
			targets = (
				518FE6B2232CC6D600030B49 /* contact-core-date */,
				51F6D62F238A14CF00ABF694 /* contact-core-dateTests */,
				51F6D641238A2E0B00ABF694 /* contact-core-dateUITests */,
			);
		};
/* End PBXProject section */

/* Begin PBXResourcesBuildPhase section */
		518FE6B1232CC6D600030B49 /* Resources */ = {
			isa = PBXResourcesBuildPhase;
			buildActionMask = 2147483647;
			files = (
				518FE6C1232CC6DC00030B49 /* LaunchScreen.storyboard in Resources */,
				518FE6BE232CC6DC00030B49 /* Assets.xcassets in Resources */,
				518FE6BC232CC6D600030B49 /* Main.storyboard in Resources */,
			);
			runOnlyForDeploymentPostprocessing = 0;
		};
		51F6D62E238A14CF00ABF694 /* Resources */ = {
			isa = PBXResourcesBuildPhase;
			buildActionMask = 2147483647;
			files = (
			);
			runOnlyForDeploymentPostprocessing = 0;
		};
		51F6D640238A2E0B00ABF694 /* Resources */ = {
			isa = PBXResourcesBuildPhase;
			buildActionMask = 2147483647;
			files = (
			);
			runOnlyForDeploymentPostprocessing = 0;
		};
/* End PBXResourcesBuildPhase section */

/* Begin PBXShellScriptBuildPhase section */
		2BF7261F597A8ECC756FCB66 /* [CP] Embed Pods Frameworks */ = {
			isa = PBXShellScriptBuildPhase;
			buildActionMask = 2147483647;
			files = (
			);
			inputFileListPaths = (
				"${PODS_ROOT}/Target Support Files/Pods-contact-core-date/Pods-contact-core-date-frameworks-${CONFIGURATION}-input-files.xcfilelist",
			);
			name = "[CP] Embed Pods Frameworks";
			outputFileListPaths = (
				"${PODS_ROOT}/Target Support Files/Pods-contact-core-date/Pods-contact-core-date-frameworks-${CONFIGURATION}-output-files.xcfilelist",
			);
			runOnlyForDeploymentPostprocessing = 0;
			shellPath = /bin/sh;
			shellScript = "\"${PODS_ROOT}/Target Support Files/Pods-contact-core-date/Pods-contact-core-date-frameworks.sh\"\n";
			showEnvVarsInLog = 0;
		};
		644EBDB8C473510FC12CCD3A /* [CP] Check Pods Manifest.lock */ = {
			isa = PBXShellScriptBuildPhase;
			buildActionMask = 2147483647;
			files = (
			);
			inputFileListPaths = (
			);
			inputPaths = (
				"${PODS_PODFILE_DIR_PATH}/Podfile.lock",
				"${PODS_ROOT}/Manifest.lock",
			);
			name = "[CP] Check Pods Manifest.lock";
			outputFileListPaths = (
			);
			outputPaths = (
				"$(DERIVED_FILE_DIR)/Pods-contact-core-dateUITests-checkManifestLockResult.txt",
			);
			runOnlyForDeploymentPostprocessing = 0;
			shellPath = /bin/sh;
			shellScript = "diff \"${PODS_PODFILE_DIR_PATH}/Podfile.lock\" \"${PODS_ROOT}/Manifest.lock\" > /dev/null\nif [ $? != 0 ] ; then\n    # print error to STDERR\n    echo \"error: The sandbox is not in sync with the Podfile.lock. Run 'pod install' or update your CocoaPods installation.\" >&2\n    exit 1\nfi\n# This output is used by Xcode 'outputs' to avoid re-running this script phase.\necho \"SUCCESS\" > \"${SCRIPT_OUTPUT_FILE_0}\"\n";
			showEnvVarsInLog = 0;
		};
		89A622181443FFBE91D78D51 /* [CP] Check Pods Manifest.lock */ = {
			isa = PBXShellScriptBuildPhase;
			buildActionMask = 2147483647;
			files = (
			);
			inputFileListPaths = (
			);
			inputPaths = (
				"${PODS_PODFILE_DIR_PATH}/Podfile.lock",
				"${PODS_ROOT}/Manifest.lock",
			);
			name = "[CP] Check Pods Manifest.lock";
			outputFileListPaths = (
			);
			outputPaths = (
				"$(DERIVED_FILE_DIR)/Pods-contact-core-dateTests-checkManifestLockResult.txt",
			);
			runOnlyForDeploymentPostprocessing = 0;
			shellPath = /bin/sh;
			shellScript = "diff \"${PODS_PODFILE_DIR_PATH}/Podfile.lock\" \"${PODS_ROOT}/Manifest.lock\" > /dev/null\nif [ $? != 0 ] ; then\n    # print error to STDERR\n    echo \"error: The sandbox is not in sync with the Podfile.lock. Run 'pod install' or update your CocoaPods installation.\" >&2\n    exit 1\nfi\n# This output is used by Xcode 'outputs' to avoid re-running this script phase.\necho \"SUCCESS\" > \"${SCRIPT_OUTPUT_FILE_0}\"\n";
			showEnvVarsInLog = 0;
		};
		FF7C3B60DB643A36391FA0CA /* [CP] Check Pods Manifest.lock */ = {
			isa = PBXShellScriptBuildPhase;
			buildActionMask = 2147483647;
			files = (
			);
			inputFileListPaths = (
			);
			inputPaths = (
				"${PODS_PODFILE_DIR_PATH}/Podfile.lock",
				"${PODS_ROOT}/Manifest.lock",
			);
			name = "[CP] Check Pods Manifest.lock";
			outputFileListPaths = (
			);
			outputPaths = (
				"$(DERIVED_FILE_DIR)/Pods-contact-core-date-checkManifestLockResult.txt",
			);
			runOnlyForDeploymentPostprocessing = 0;
			shellPath = /bin/sh;
			shellScript = "diff \"${PODS_PODFILE_DIR_PATH}/Podfile.lock\" \"${PODS_ROOT}/Manifest.lock\" > /dev/null\nif [ $? != 0 ] ; then\n    # print error to STDERR\n    echo \"error: The sandbox is not in sync with the Podfile.lock. Run 'pod install' or update your CocoaPods installation.\" >&2\n    exit 1\nfi\n# This output is used by Xcode 'outputs' to avoid re-running this script phase.\necho \"SUCCESS\" > \"${SCRIPT_OUTPUT_FILE_0}\"\n";
			showEnvVarsInLog = 0;
		};
/* End PBXShellScriptBuildPhase section */

/* Begin PBXSourcesBuildPhase section */
		518FE6AF232CC6D600030B49 /* Sources */ = {
			isa = PBXSourcesBuildPhase;
			buildActionMask = 2147483647;
			files = (
				518FE6B9232CC6D600030B49 /* ContactListViewController.swift in Sources */,
				518FE6DF232D096A00030B49 /* EmailVO.swift in Sources */,
				518FE6CE232CC84C00030B49 /* ContactTableViewCell.swift in Sources */,
				518FE6D5232CD99200030B49 /* ContactDetailsViewController.swift in Sources */,
				518FE6D9232D08DC00030B49 /* ContactVO.swift in Sources */,
				518FE6E1232D0ECF00030B49 /* Repository.swift in Sources */,
				518FE6DD232D095400030B49 /* AddressVO.swift in Sources */,
				518FE6D0232CCD7E00030B49 /* AddNewContactViewController.swift in Sources */,
				518FE6D3232CD4CE00030B49 /* WidgetGenerator.swift in Sources */,
				518FE6DB232D093B00030B49 /* PhoneNumberVO.swift in Sources */,
				518FE6B7232CC6D600030B49 /* AppDelegate.swift in Sources */,
			);
			runOnlyForDeploymentPostprocessing = 0;
		};
		51F6D62C238A14CF00ABF694 /* Sources */ = {
			isa = PBXSourcesBuildPhase;
			buildActionMask = 2147483647;
			files = (
				51F6D63B238A158600ABF694 /* VOTest.swift in Sources */,
				51F6D633238A14CF00ABF694 /* contact_core_dateTests.swift in Sources */,
				51F6D64D238A333300ABF694 /* VOUtils.swift in Sources */,
				51F6D63D238A2BF900ABF694 /* ViewControllerTest.swift in Sources */,
			);
			runOnlyForDeploymentPostprocessing = 0;
		};
		51F6D63E238A2E0B00ABF694 /* Sources */ = {
			isa = PBXSourcesBuildPhase;
			buildActionMask = 2147483647;
			files = (
				51F6D655238A368700ABF694 /* addContact.swift in Sources */,
				51F6D645238A2E0B00ABF694 /* contact_core_dateUITests.swift in Sources */,
			);
			runOnlyForDeploymentPostprocessing = 0;
		};
/* End PBXSourcesBuildPhase section */

/* Begin PBXTargetDependency section */
		51F6D636238A14CF00ABF694 /* PBXTargetDependency */ = {
			isa = PBXTargetDependency;
			target = 518FE6B2232CC6D600030B49 /* contact-core-date */;
			targetProxy = 51F6D635238A14CF00ABF694 /* PBXContainerItemProxy */;
		};
		51F6D648238A2E0B00ABF694 /* PBXTargetDependency */ = {
			isa = PBXTargetDependency;
			target = 518FE6B2232CC6D600030B49 /* contact-core-date */;
			targetProxy = 51F6D647238A2E0B00ABF694 /* PBXContainerItemProxy */;
		};
/* End PBXTargetDependency section */

/* Begin PBXVariantGroup section */
		518FE6BA232CC6D600030B49 /* Main.storyboard */ = {
			isa = PBXVariantGroup;
			children = (
				518FE6BB232CC6D600030B49 /* Base */,
			);
			name = Main.storyboard;
			sourceTree = "<group>";
		};
		518FE6BF232CC6DC00030B49 /* LaunchScreen.storyboard */ = {
			isa = PBXVariantGroup;
			children = (
				518FE6C0232CC6DC00030B49 /* Base */,
			);
			name = LaunchScreen.storyboard;
			sourceTree = "<group>";
		};
/* End PBXVariantGroup section */

/* Begin XCBuildConfiguration section */
		518FE6C3232CC6DC00030B49 /* Debug */ = {
			isa = XCBuildConfiguration;
			buildSettings = {
				ALWAYS_SEARCH_USER_PATHS = NO;
				CLANG_ANALYZER_NONNULL = YES;
				CLANG_ANALYZER_NUMBER_OBJECT_CONVERSION = YES_AGGRESSIVE;
				CLANG_CXX_LANGUAGE_STANDARD = "gnu++14";
				CLANG_CXX_LIBRARY = "libc++";
				CLANG_ENABLE_MODULES = YES;
				CLANG_ENABLE_OBJC_ARC = YES;
				CLANG_ENABLE_OBJC_WEAK = YES;
				CLANG_WARN_BLOCK_CAPTURE_AUTORELEASING = YES;
				CLANG_WARN_BOOL_CONVERSION = YES;
				CLANG_WARN_COMMA = YES;
				CLANG_WARN_CONSTANT_CONVERSION = YES;
				CLANG_WARN_DEPRECATED_OBJC_IMPLEMENTATIONS = YES;
				CLANG_WARN_DIRECT_OBJC_ISA_USAGE = YES_ERROR;
				CLANG_WARN_DOCUMENTATION_COMMENTS = YES;
				CLANG_WARN_EMPTY_BODY = YES;
				CLANG_WARN_ENUM_CONVERSION = YES;
				CLANG_WARN_INFINITE_RECURSION = YES;
				CLANG_WARN_INT_CONVERSION = YES;
				CLANG_WARN_NON_LITERAL_NULL_CONVERSION = YES;
				CLANG_WARN_OBJC_IMPLICIT_RETAIN_SELF = YES;
				CLANG_WARN_OBJC_LITERAL_CONVERSION = YES;
				CLANG_WARN_OBJC_ROOT_CLASS = YES_ERROR;
				CLANG_WARN_RANGE_LOOP_ANALYSIS = YES;
				CLANG_WARN_STRICT_PROTOTYPES = YES;
				CLANG_WARN_SUSPICIOUS_MOVE = YES;
				CLANG_WARN_UNGUARDED_AVAILABILITY = YES_AGGRESSIVE;
				CLANG_WARN_UNREACHABLE_CODE = YES;
				CLANG_WARN__DUPLICATE_METHOD_MATCH = YES;
				CODE_SIGN_IDENTITY = "iPhone Developer";
				COPY_PHASE_STRIP = NO;
				DEBUG_INFORMATION_FORMAT = dwarf;
				ENABLE_STRICT_OBJC_MSGSEND = YES;
				ENABLE_TESTABILITY = YES;
				GCC_C_LANGUAGE_STANDARD = gnu11;
				GCC_DYNAMIC_NO_PIC = NO;
				GCC_NO_COMMON_BLOCKS = YES;
				GCC_OPTIMIZATION_LEVEL = 0;
				GCC_PREPROCESSOR_DEFINITIONS = (
					"DEBUG=1",
					"$(inherited)",
				);
				GCC_WARN_64_TO_32_BIT_CONVERSION = YES;
				GCC_WARN_ABOUT_RETURN_TYPE = YES_ERROR;
				GCC_WARN_UNDECLARED_SELECTOR = YES;
				GCC_WARN_UNINITIALIZED_AUTOS = YES_AGGRESSIVE;
				GCC_WARN_UNUSED_FUNCTION = YES;
				GCC_WARN_UNUSED_VARIABLE = YES;
				IPHONEOS_DEPLOYMENT_TARGET = 12.4;
				MTL_ENABLE_DEBUG_INFO = INCLUDE_SOURCE;
				MTL_FAST_MATH = YES;
				ONLY_ACTIVE_ARCH = YES;
				SDKROOT = iphoneos;
				SWIFT_ACTIVE_COMPILATION_CONDITIONS = DEBUG;
				SWIFT_OPTIMIZATION_LEVEL = "-Onone";
			};
			name = Debug;
		};
		518FE6C4232CC6DC00030B49 /* Release */ = {
			isa = XCBuildConfiguration;
			buildSettings = {
				ALWAYS_SEARCH_USER_PATHS = NO;
				CLANG_ANALYZER_NONNULL = YES;
				CLANG_ANALYZER_NUMBER_OBJECT_CONVERSION = YES_AGGRESSIVE;
				CLANG_CXX_LANGUAGE_STANDARD = "gnu++14";
				CLANG_CXX_LIBRARY = "libc++";
				CLANG_ENABLE_MODULES = YES;
				CLANG_ENABLE_OBJC_ARC = YES;
				CLANG_ENABLE_OBJC_WEAK = YES;
				CLANG_WARN_BLOCK_CAPTURE_AUTORELEASING = YES;
				CLANG_WARN_BOOL_CONVERSION = YES;
				CLANG_WARN_COMMA = YES;
				CLANG_WARN_CONSTANT_CONVERSION = YES;
				CLANG_WARN_DEPRECATED_OBJC_IMPLEMENTATIONS = YES;
				CLANG_WARN_DIRECT_OBJC_ISA_USAGE = YES_ERROR;
				CLANG_WARN_DOCUMENTATION_COMMENTS = YES;
				CLANG_WARN_EMPTY_BODY = YES;
				CLANG_WARN_ENUM_CONVERSION = YES;
				CLANG_WARN_INFINITE_RECURSION = YES;
				CLANG_WARN_INT_CONVERSION = YES;
				CLANG_WARN_NON_LITERAL_NULL_CONVERSION = YES;
				CLANG_WARN_OBJC_IMPLICIT_RETAIN_SELF = YES;
				CLANG_WARN_OBJC_LITERAL_CONVERSION = YES;
				CLANG_WARN_OBJC_ROOT_CLASS = YES_ERROR;
				CLANG_WARN_RANGE_LOOP_ANALYSIS = YES;
				CLANG_WARN_STRICT_PROTOTYPES = YES;
				CLANG_WARN_SUSPICIOUS_MOVE = YES;
				CLANG_WARN_UNGUARDED_AVAILABILITY = YES_AGGRESSIVE;
				CLANG_WARN_UNREACHABLE_CODE = YES;
				CLANG_WARN__DUPLICATE_METHOD_MATCH = YES;
				CODE_SIGN_IDENTITY = "iPhone Developer";
				COPY_PHASE_STRIP = NO;
				DEBUG_INFORMATION_FORMAT = "dwarf-with-dsym";
				ENABLE_NS_ASSERTIONS = NO;
				ENABLE_STRICT_OBJC_MSGSEND = YES;
				GCC_C_LANGUAGE_STANDARD = gnu11;
				GCC_NO_COMMON_BLOCKS = YES;
				GCC_WARN_64_TO_32_BIT_CONVERSION = YES;
				GCC_WARN_ABOUT_RETURN_TYPE = YES_ERROR;
				GCC_WARN_UNDECLARED_SELECTOR = YES;
				GCC_WARN_UNINITIALIZED_AUTOS = YES_AGGRESSIVE;
				GCC_WARN_UNUSED_FUNCTION = YES;
				GCC_WARN_UNUSED_VARIABLE = YES;
				IPHONEOS_DEPLOYMENT_TARGET = 12.4;
				MTL_ENABLE_DEBUG_INFO = NO;
				MTL_FAST_MATH = YES;
				SDKROOT = iphoneos;
				SWIFT_COMPILATION_MODE = wholemodule;
				SWIFT_OPTIMIZATION_LEVEL = "-O";
				VALIDATE_PRODUCT = YES;
			};
			name = Release;
		};
		518FE6C6232CC6DC00030B49 /* Debug */ = {
			isa = XCBuildConfiguration;
			baseConfigurationReference = CDC4087B70F9579E6B5C8AC7 /* Pods-contact-core-date.debug.xcconfig */;
			buildSettings = {
				ASSETCATALOG_COMPILER_APPICON_NAME = AppIcon;
				CODE_SIGN_STYLE = Automatic;
				INFOPLIST_FILE = "contact-core-date/Info.plist";
				LD_RUNPATH_SEARCH_PATHS = (
					"$(inherited)",
					"@executable_path/Frameworks",
				);
				PRODUCT_BUNDLE_IDENTIFIER = "com.mm.padc.contact-core-date";
				PRODUCT_NAME = "$(TARGET_NAME)";
				SWIFT_VERSION = 5.0;
				TARGETED_DEVICE_FAMILY = "1,2";
			};
			name = Debug;
		};
		518FE6C7232CC6DC00030B49 /* Release */ = {
			isa = XCBuildConfiguration;
			baseConfigurationReference = 263F5BB4A2E8F252AD874A1C /* Pods-contact-core-date.release.xcconfig */;
			buildSettings = {
				ASSETCATALOG_COMPILER_APPICON_NAME = AppIcon;
				CODE_SIGN_STYLE = Automatic;
				INFOPLIST_FILE = "contact-core-date/Info.plist";
				LD_RUNPATH_SEARCH_PATHS = (
					"$(inherited)",
					"@executable_path/Frameworks",
				);
				PRODUCT_BUNDLE_IDENTIFIER = "com.mm.padc.contact-core-date";
				PRODUCT_NAME = "$(TARGET_NAME)";
				SWIFT_VERSION = 5.0;
				TARGETED_DEVICE_FAMILY = "1,2";
			};
			name = Release;
		};
		51F6D637238A14CF00ABF694 /* Debug */ = {
			isa = XCBuildConfiguration;
			baseConfigurationReference = 34CF4117EA726736DAF539FF /* Pods-contact-core-dateTests.debug.xcconfig */;
			buildSettings = {
				BUNDLE_LOADER = "$(TEST_HOST)";
				CODE_SIGN_STYLE = Automatic;
				DEVELOPMENT_TEAM = 6UUZ397URF;
				INFOPLIST_FILE = "contact-core-dateTests/Info.plist";
				IPHONEOS_DEPLOYMENT_TARGET = 13.2;
				LD_RUNPATH_SEARCH_PATHS = (
					"$(inherited)",
					"@executable_path/Frameworks",
					"@loader_path/Frameworks",
				);
				PRODUCT_BUNDLE_IDENTIFIER = "com.mm.padc.contact-core-dateTests";
				PRODUCT_NAME = "$(TARGET_NAME)";
				SWIFT_VERSION = 5.0;
				TARGETED_DEVICE_FAMILY = "1,2";
				TEST_HOST = "$(BUILT_PRODUCTS_DIR)/contact-core-date.app/contact-core-date";
			};
			name = Debug;
		};
		51F6D638238A14CF00ABF694 /* Release */ = {
			isa = XCBuildConfiguration;
			baseConfigurationReference = 8CB7DE93379E07624691FE8B /* Pods-contact-core-dateTests.release.xcconfig */;
			buildSettings = {
				BUNDLE_LOADER = "$(TEST_HOST)";
				CODE_SIGN_STYLE = Automatic;
				DEVELOPMENT_TEAM = 6UUZ397URF;
				INFOPLIST_FILE = "contact-core-dateTests/Info.plist";
				IPHONEOS_DEPLOYMENT_TARGET = 13.2;
				LD_RUNPATH_SEARCH_PATHS = (
					"$(inherited)",
					"@executable_path/Frameworks",
					"@loader_path/Frameworks",
				);
				PRODUCT_BUNDLE_IDENTIFIER = "com.mm.padc.contact-core-dateTests";
				PRODUCT_NAME = "$(TARGET_NAME)";
				SWIFT_VERSION = 5.0;
				TARGETED_DEVICE_FAMILY = "1,2";
				TEST_HOST = "$(BUILT_PRODUCTS_DIR)/contact-core-date.app/contact-core-date";
			};
			name = Release;
		};
		51F6D64A238A2E0B00ABF694 /* Debug */ = {
			isa = XCBuildConfiguration;
			baseConfigurationReference = 9C0B3D1645821FB61E9B1594 /* Pods-contact-core-dateUITests.debug.xcconfig */;
			buildSettings = {
				CODE_SIGN_STYLE = Automatic;
				DEVELOPMENT_TEAM = 6UUZ397URF;
				INFOPLIST_FILE = "contact-core-dateUITests/Info.plist";
				IPHONEOS_DEPLOYMENT_TARGET = 13.2;
				LD_RUNPATH_SEARCH_PATHS = (
					"$(inherited)",
					"@executable_path/Frameworks",
					"@loader_path/Frameworks",
				);
				PRODUCT_BUNDLE_IDENTIFIER = "com.mm.padc.contact-core-dateUITests";
				PRODUCT_NAME = "$(TARGET_NAME)";
				SWIFT_VERSION = 5.0;
				TARGETED_DEVICE_FAMILY = "1,2";
				TEST_TARGET_NAME = "contact-core-date";
			};
			name = Debug;
		};
		51F6D64B238A2E0B00ABF694 /* Release */ = {
			isa = XCBuildConfiguration;
			baseConfigurationReference = 35303D5A0A79132FDF0C20C6 /* Pods-contact-core-dateUITests.release.xcconfig */;
			buildSettings = {
				CODE_SIGN_STYLE = Automatic;
				DEVELOPMENT_TEAM = 6UUZ397URF;
				INFOPLIST_FILE = "contact-core-dateUITests/Info.plist";
				IPHONEOS_DEPLOYMENT_TARGET = 13.2;
				LD_RUNPATH_SEARCH_PATHS = (
					"$(inherited)",
					"@executable_path/Frameworks",
					"@loader_path/Frameworks",
				);
				PRODUCT_BUNDLE_IDENTIFIER = "com.mm.padc.contact-core-dateUITests";
				PRODUCT_NAME = "$(TARGET_NAME)";
				SWIFT_VERSION = 5.0;
				TARGETED_DEVICE_FAMILY = "1,2";
				TEST_TARGET_NAME = "contact-core-date";
			};
			name = Release;
		};
/* End XCBuildConfiguration section */

/* Begin XCConfigurationList section */
		518FE6AE232CC6D600030B49 /* Build configuration list for PBXProject "contact-core-date" */ = {
			isa = XCConfigurationList;
			buildConfigurations = (
				518FE6C3232CC6DC00030B49 /* Debug */,
				518FE6C4232CC6DC00030B49 /* Release */,
			);
			defaultConfigurationIsVisible = 0;
			defaultConfigurationName = Release;
		};
		518FE6C5232CC6DC00030B49 /* Build configuration list for PBXNativeTarget "contact-core-date" */ = {
			isa = XCConfigurationList;
			buildConfigurations = (
				518FE6C6232CC6DC00030B49 /* Debug */,
				518FE6C7232CC6DC00030B49 /* Release */,
			);
			defaultConfigurationIsVisible = 0;
			defaultConfigurationName = Release;
		};
		51F6D639238A14CF00ABF694 /* Build configuration list for PBXNativeTarget "contact-core-dateTests" */ = {
			isa = XCConfigurationList;
			buildConfigurations = (
				51F6D637238A14CF00ABF694 /* Debug */,
				51F6D638238A14CF00ABF694 /* Release */,
			);
			defaultConfigurationIsVisible = 0;
			defaultConfigurationName = Release;
		};
		51F6D649238A2E0B00ABF694 /* Build configuration list for PBXNativeTarget "contact-core-dateUITests" */ = {
			isa = XCConfigurationList;
			buildConfigurations = (
				51F6D64A238A2E0B00ABF694 /* Debug */,
				51F6D64B238A2E0B00ABF694 /* Release */,
			);
			defaultConfigurationIsVisible = 0;
			defaultConfigurationName = Release;
		};
/* End XCConfigurationList section */
	};
	rootObject = 518FE6AB232CC6D600030B49 /* Project object */;
}
